
Microsoft Visual Studio Solution File, Format Version 12.00
# Visual Studio Version 16
VisualStudioVersion = 16.0.29306.81
MinimumVisualStudioVersion = 10.0.40219.1
Project("{FAE04EC0-301F-11D3-BF4B-00C04F79EFBC}") = "Sistema.DUE.Web", "src\Sistema.DUE.Web\Sistema.DUE.Web.csproj", "{22E5DDA0-C32E-4EEA-AE47-B3234B3BE8F8}"
EndProject
Global
	GlobalSection(SolutionConfigurationPlatforms) = preSolution
		Debug|Any CPU = Debug|Any CPU
		Release|Any CPU = Release|Any CPU
	EndGlobalSection
	GlobalSection(ProjectConfigurationPlatforms) = postSolution
		{22E5DDA0-C32E-4EEA-AE47-B3234B3BE8F8}.Debug|Any CPU.ActiveCfg = Debug|Any CPU
		{22E5DDA0-C32E-4EEA-AE47-B3234B3BE8F8}.Debug|Any CPU.Build.0 = Debug|Any CPU
		{22E5DDA0-C32E-4EEA-AE47-B3234B3BE8F8}.Release|Any CPU.ActiveCfg = Release|Any CPU
		{22E5DDA0-C32E-4EEA-AE47-B3234B3BE8F8}.Release|Any CPU.Build.0 = Release|Any CPU
	EndGlobalSection
	GlobalSection(SolutionProperties) = preSolution
		HideSolutionNode = FALSE
	EndGlobalSection
	GlobalSection(ExtensibilityGlobals) = postSolution
		SolutionGuid = {F03A2886-5370-4741-8AD8-689E368A353E}
	EndGlobalSection
EndGlobal
